Microsoft Visual Studio Solution File, Format Version 12.00
# Visual Studio Version 17
VisualStudioVersion = 17.5.2.0
MinimumVisualStudioVersion = 10.0.40219.1
Project("{2150E333-8FDC-42A3-9474-1A3956D46DE8}") = "M2Prog_cs2", "M2Prog_cs2", "{0B164F6B-1409-AD34-86F4-5C35B9C3BBDB}"
EndProject
Project("{2150E333-8FDC-42A3-9474-1A3956D46DE8}") = "01_Functions", "01_Functions", "{8BF5146B-F7D7-284B-B6C5-D3FC71619AA3}"
EndProject
Project("{FAE04EC0-301F-11D3-BF4B-00C04F79EFBC}") = "function", "M2Prog_cs2\01_Functions\function\function.csproj", "{B5CCACD8-C072-6E95-28A4-58128B020F72}"
EndProject
Global
	GlobalSection(SolutionConfigurationPlatforms) = preSolution
		Debug|Any CPU = Debug|Any CPU
		Release|Any CPU = Release|Any CPU
	EndGlobalSection
	GlobalSection(ProjectConfigurationPlatforms) = postSolution
		{B5CCACD8-C072-6E95-28A4-58128B020F72}.Debug|Any CPU.ActiveCfg = Debug|Any CPU
		{B5CCACD8-C072-6E95-28A4-58128B020F72}.Debug|Any CPU.Build.0 = Debug|Any CPU
		{B5CCACD8-C072-6E95-28A4-58128B020F72}.Release|Any CPU.ActiveCfg = Release|Any CPU
		{B5CCACD8-C072-6E95-28A4-58128B020F72}.Release|Any CPU.Build.0 = Release|Any CPU
	EndGlobalSection
	GlobalSection(SolutionProperties) = preSolution
		HideSolutionNode = FALSE
	EndGlobalSection
	GlobalSection(NestedProjects) = preSolution
		{8BF5146B-F7D7-284B-B6C5-D3FC71619AA3} = {0B164F6B-1409-AD34-86F4-5C35B9C3BBDB}
		{B5CCACD8-C072-6E95-28A4-58128B020F72} = {8BF5146B-F7D7-284B-B6C5-D3FC71619AA3}
	EndGlobalSection
	GlobalSection(ExtensibilityGlobals) = postSolution
		SolutionGuid = {31D50346-A80F-4BAA-9141-A6E829C6D8CC}
	EndGlobalSection
EndGlobal
